
Microsoft Visual Studio Solution File, Format Version 12.00
# Visual Studio 15
VisualStudioVersion = 15.0.27004.2005
MinimumVisualStudioVersion = 10.0.40219.1
Project("{2150E333-8FDC-42A3-9474-1A3956D46DE8}") = "Solution Items", "Solution Items", "{1C3CC7F0-3670-41ED-8FD5-2069E1E4509F}"
	ProjectSection(SolutionItems) = preProject
		.editorconfig = .editorconfig
		README.md = README.md
		Specifications.docx = Specifications.docx
	EndProjectSection
EndProject
Project("{FAE04EC0-301F-11D3-BF4B-00C04F79EFBC}") = "BowlingGame", "BowlingGame\BowlingGame.csproj", "{7174AC84-8A53-4A60-A063-F76610A33166}"
EndProject
Project("{FAE04EC0-301F-11D3-BF4B-00C04F79EFBC}") = "BowlingGame.Tests", "BowlingGame.Tests\BowlingGame.Tests.csproj", "{0C2D21A6-EB1B-49DA-B641-ED540DA7CA61}"
EndProject
Global
	GlobalSection(SolutionConfigurationPlatforms) = preSolution
		Debug|Any CPU = Debug|Any CPU
		Release|Any CPU = Release|Any CPU
	EndGlobalSection
	GlobalSection(ProjectConfigurationPlatforms) = postSolution
		{7174AC84-8A53-4A60-A063-F76610A33166}.Debug|Any CPU.ActiveCfg = Debug|Any CPU
		{7174AC84-8A53-4A60-A063-F76610A33166}.Debug|Any CPU.Build.0 = Debug|Any CPU
		{7174AC84-8A53-4A60-A063-F76610A33166}.Release|Any CPU.ActiveCfg = Release|Any CPU
		{7174AC84-8A53-4A60-A063-F76610A33166}.Release|Any CPU.Build.0 = Release|Any CPU
		{0C2D21A6-EB1B-49DA-B641-ED540DA7CA61}.Debug|Any CPU.ActiveCfg = Debug|Any CPU
		{0C2D21A6-EB1B-49DA-B641-ED540DA7CA61}.Debug|Any CPU.Build.0 = Debug|Any CPU
		{0C2D21A6-EB1B-49DA-B641-ED540DA7CA61}.Release|Any CPU.ActiveCfg = Release|Any CPU
		{0C2D21A6-EB1B-49DA-B641-ED540DA7CA61}.Release|Any CPU.Build.0 = Release|Any CPU
	EndGlobalSection
	GlobalSection(SolutionProperties) = preSolution
		HideSolutionNode = FALSE
	EndGlobalSection
	GlobalSection(ExtensibilityGlobals) = postSolution
		SolutionGuid = {46FD9A26-4AA3-4C5B-8EA9-42239CD2B8AF}
	EndGlobalSection
EndGlobal
